
Microsoft Visual Studio Solution File, Format Version 12.00
# Visual Studio 15
VisualStudioVersion = 15.0.28010.2026
MinimumVisualStudioVersion = 10.0.40219.1
Project("{FAE04EC0-301F-11D3-BF4B-00C04F79EFBC}") = "TrafficLight", "TrafficLight\TrafficLight.csproj", "{B4738667-3FFB-4993-8F34-8C25AF473729}"
EndProject
Project("{FAE04EC0-301F-11D3-BF4B-00C04F79EFBC}") = "TrafficLight.Tests", "TrafficLight.Tests\TrafficLight.Tests.csproj", "{C3BCFB46-D9C1-4F0C-AE55-CF6809D37143}"
EndProject
Global
	GlobalSection(SolutionConfigurationPlatforms) = preSolution
		Debug|Any CPU = Debug|Any CPU
		Release|Any CPU = Release|Any CPU
	EndGlobalSection
	GlobalSection(ProjectConfigurationPlatforms) = postSolution
		{B4738667-3FFB-4993-8F34-8C25AF473729}.Debug|Any CPU.ActiveCfg = Debug|Any CPU
		{B4738667-3FFB-4993-8F34-8C25AF473729}.Debug|Any CPU.Build.0 = Debug|Any CPU
		{B4738667-3FFB-4993-8F34-8C25AF473729}.Release|Any CPU.ActiveCfg = Release|Any CPU
		{B4738667-3FFB-4993-8F34-8C25AF473729}.Release|Any CPU.Build.0 = Release|Any CPU
		{C3BCFB46-D9C1-4F0C-AE55-CF6809D37143}.Debug|Any CPU.ActiveCfg = Debug|Any CPU
		{C3BCFB46-D9C1-4F0C-AE55-CF6809D37143}.Debug|Any CPU.Build.0 = Debug|Any CPU
		{C3BCFB46-D9C1-4F0C-AE55-CF6809D37143}.Release|Any CPU.ActiveCfg = Release|Any CPU
		{C3BCFB46-D9C1-4F0C-AE55-CF6809D37143}.Release|Any CPU.Build.0 = Release|Any CPU
	EndGlobalSection
	GlobalSection(SolutionProperties) = preSolution
		HideSolutionNode = FALSE
	EndGlobalSection
	GlobalSection(ExtensibilityGlobals) = postSolution
		SolutionGuid = {0EB8770C-6C38-4A72-A926-428FF347F75C}
	EndGlobalSection
EndGlobal
